// !$*UTF8*$!
{
	archiveVersion = 1;
	classes = {
	};
	objectVersion = 56;
	objects = {

/* Begin PBXBuildFile section */
		C73D8CCC2A46060300A1997A /* UIStackView+Extension.swift in Sources */ = {isa = PBXBuildFile; fileRef = C73D8CCB2A46060300A1997A /* UIStackView+Extension.swift */; };
		C75C8C8C2A45DFFB00B46DEF /* AppDelegate.swift in Sources */ = {isa = PBXBuildFile; fileRef = C75C8C8B2A45DFFB00B46DEF /* AppDelegate.swift */; };
		C75C8C952A45DFFD00B46DEF /* Assets.xcassets in Resources */ = {isa = PBXBuildFile; fileRef = C75C8C942A45DFFD00B46DEF /* Assets.xcassets */; };
		C75C8C982A45DFFD00B46DEF /* LaunchScreen.storyboard in Resources */ = {isa = PBXBuildFile; fileRef = C75C8C962A45DFFD00B46DEF /* LaunchScreen.storyboard */; };
		C75C8CAC2A45E1F600B46DEF /* SearchViewController.swift in Sources */ = {isa = PBXBuildFile; fileRef = C75C8CAB2A45E1F600B46DEF /* SearchViewController.swift */; };
		C75C8CAE2A45E20500B46DEF /* AppTutorialViewController.swift in Sources */ = {isa = PBXBuildFile; fileRef = C75C8CAD2A45E20500B46DEF /* AppTutorialViewController.swift */; };
		C75C8CB02A45E21600B46DEF /* FollowerListViewController.swift in Sources */ = {isa = PBXBuildFile; fileRef = C75C8CAF2A45E21600B46DEF /* FollowerListViewController.swift */; };
		C75C8CB22A45E22900B46DEF /* FavoriteListViewController.swift in Sources */ = {isa = PBXBuildFile; fileRef = C75C8CB12A45E22900B46DEF /* FavoriteListViewController.swift */; };
		C75C8CB42A45E23900B46DEF /* UserDetailViewController.swift in Sources */ = {isa = PBXBuildFile; fileRef = C75C8CB32A45E23900B46DEF /* UserDetailViewController.swift */; };
		C75C8CB72A45E2C300B46DEF /* SnapKit in Frameworks */ = {isa = PBXBuildFile; productRef = C75C8CB62A45E2C300B46DEF /* SnapKit */; };
		C75C8CBA2A45E65700B46DEF /* BaseViewController.swift in Sources */ = {isa = PBXBuildFile; fileRef = C75C8CB92A45E65700B46DEF /* BaseViewController.swift */; };
		C75C8CBC2A45E6BE00B46DEF /* AppTutorial.swift in Sources */ = {isa = PBXBuildFile; fileRef = C75C8CBB2A45E6BE00B46DEF /* AppTutorial.swift */; };
		C75C8CBE2A45FA5F00B46DEF /* UITableView+Extension.swift in Sources */ = {isa = PBXBuildFile; fileRef = C75C8CBD2A45FA5F00B46DEF /* UITableView+Extension.swift */; };
		C75C8CC02A45FAC200B46DEF /* BaseTableCell.swift in Sources */ = {isa = PBXBuildFile; fileRef = C75C8CBF2A45FAC200B46DEF /* BaseTableCell.swift */; };
		C75C8CC22A45FB0E00B46DEF /* AppTutorialTableCell.swift in Sources */ = {isa = PBXBuildFile; fileRef = C75C8CC12A45FB0E00B46DEF /* AppTutorialTableCell.swift */; };
		C75C8CC42A45FC3700B46DEF /* UIView+Extension.swift in Sources */ = {isa = PBXBuildFile; fileRef = C75C8CC32A45FC3700B46DEF /* UIView+Extension.swift */; };
		C75C8CC62A45FCC600B46DEF /* UIColor+Extension.swift in Sources */ = {isa = PBXBuildFile; fileRef = C75C8CC52A45FCC600B46DEF /* UIColor+Extension.swift */; };
		C75C8CC82A45FE1200B46DEF /* CAGradientLayer+Extension.swift in Sources */ = {isa = PBXBuildFile; fileRef = C75C8CC72A45FE1200B46DEF /* CAGradientLayer+Extension.swift */; };
		C75C8CCB2A45FE5800B46DEF /* AppConstant.swift in Sources */ = {isa = PBXBuildFile; fileRef = C75C8CCA2A45FE5800B46DEF /* AppConstant.swift */; };
		C75C8CCD2A45FFBF00B46DEF /* String+Extension.swift in Sources */ = {isa = PBXBuildFile; fileRef = C75C8CCC2A45FFBF00B46DEF /* String+Extension.swift */; };
/* End PBXBuildFile section */

/* Begin PBXFileReference section */
		C73D8CCB2A46060300A1997A /* UIStackView+Extension.swift */ = {isa = PBXFileReference; lastKnownFileType = sourcecode.swift; path = "UIStackView+Extension.swift"; sourceTree = "<group>"; };
		C75C8C882A45DFFB00B46DEF /* GitHub Followers.app */ = {isa = PBXFileReference; explicitFileType = wrapper.application; includeInIndex = 0; path = "GitHub Followers.app"; sourceTree = BUILT_PRODUCTS_DIR; };
		C75C8C8B2A45DFFB00B46DEF /* AppDelegate.swift */ = {isa = PBXFileReference; lastKnownFileType = sourcecode.swift; path = AppDelegate.swift; sourceTree = "<group>"; };
		C75C8C942A45DFFD00B46DEF /* Assets.xcassets */ = {isa = PBXFileReference; lastKnownFileType = folder.assetcatalog; path = Assets.xcassets; sourceTree = "<group>"; };
		C75C8C972A45DFFD00B46DEF /* Base */ = {isa = PBXFileReference; lastKnownFileType = file.storyboard; name = Base; path = Base.lproj/LaunchScreen.storyboard; sourceTree = "<group>"; };
		C75C8C992A45DFFD00B46DEF /* Info.plist */ = {isa = PBXFileReference; lastKnownFileType = text.plist.xml; path = Info.plist; sourceTree = "<group>"; };
		C75C8CAB2A45E1F600B46DEF /* SearchViewController.swift */ = {isa = PBXFileReference; lastKnownFileType = sourcecode.swift; path = SearchViewController.swift; sourceTree = "<group>"; };
		C75C8CAD2A45E20500B46DEF /* AppTutorialViewController.swift */ = {isa = PBXFileReference; lastKnownFileType = sourcecode.swift; path = AppTutorialViewController.swift; sourceTree = "<group>"; };
		C75C8CAF2A45E21600B46DEF /* FollowerListViewController.swift */ = {isa = PBXFileReference; lastKnownFileType = sourcecode.swift; path = FollowerListViewController.swift; sourceTree = "<group>"; };
		C75C8CB12A45E22900B46DEF /* FavoriteListViewController.swift */ = {isa = PBXFileReference; lastKnownFileType = sourcecode.swift; path = FavoriteListViewController.swift; sourceTree = "<group>"; };
		C75C8CB32A45E23900B46DEF /* UserDetailViewController.swift */ = {isa = PBXFileReference; lastKnownFileType = sourcecode.swift; path = UserDetailViewController.swift; sourceTree = "<group>"; };
		C75C8CB92A45E65700B46DEF /* BaseViewController.swift */ = {isa = PBXFileReference; lastKnownFileType = sourcecode.swift; path = BaseViewController.swift; sourceTree = "<group>"; };
		C75C8CBB2A45E6BE00B46DEF /* AppTutorial.swift */ = {isa = PBXFileReference; lastKnownFileType = sourcecode.swift; path = AppTutorial.swift; sourceTree = "<group>"; };
		C75C8CBD2A45FA5F00B46DEF /* UITableView+Extension.swift */ = {isa = PBXFileReference; lastKnownFileType = sourcecode.swift; path = "UITableView+Extension.swift"; sourceTree = "<group>"; };
		C75C8CBF2A45FAC200B46DEF /* BaseTableCell.swift */ = {isa = PBXFileReference; lastKnownFileType = sourcecode.swift; path = BaseTableCell.swift; sourceTree = "<group>"; };
		C75C8CC12A45FB0E00B46DEF /* AppTutorialTableCell.swift */ = {isa = PBXFileReference; lastKnownFileType = sourcecode.swift; path = AppTutorialTableCell.swift; sourceTree = "<group>"; };
		C75C8CC32A45FC3700B46DEF /* UIView+Extension.swift */ = {isa = PBXFileReference; lastKnownFileType = sourcecode.swift; path = "UIView+Extension.swift"; sourceTree = "<group>"; };
		C75C8CC52A45FCC600B46DEF /* UIColor+Extension.swift */ = {isa = PBXFileReference; lastKnownFileType = sourcecode.swift; path = "UIColor+Extension.swift"; sourceTree = "<group>"; };
		C75C8CC72A45FE1200B46DEF /* CAGradientLayer+Extension.swift */ = {isa = PBXFileReference; lastKnownFileType = sourcecode.swift; path = "CAGradientLayer+Extension.swift"; sourceTree = "<group>"; };
		C75C8CCA2A45FE5800B46DEF /* AppConstant.swift */ = {isa = PBXFileReference; lastKnownFileType = sourcecode.swift; path = AppConstant.swift; sourceTree = "<group>"; };
		C75C8CCC2A45FFBF00B46DEF /* String+Extension.swift */ = {isa = PBXFileReference; lastKnownFileType = sourcecode.swift; path = "String+Extension.swift"; sourceTree = "<group>"; };
/* End PBXFileReference section */

/* Begin PBXFrameworksBuildPhase section */
		C75C8C852A45DFFB00B46DEF /* Frameworks */ = {
			isa = PBXFrameworksBuildPhase;
			buildActionMask = 2147483647;
			files = (
				C75C8CB72A45E2C300B46DEF /* SnapKit in Frameworks */,
			);
			runOnlyForDeploymentPostprocessing = 0;
		};
/* End PBXFrameworksBuildPhase section */

/* Begin PBXGroup section */
		C75C8C7F2A45DFFB00B46DEF = {
			isa = PBXGroup;
			children = (
				C75C8C8A2A45DFFB00B46DEF /* GitHub Followers */,
				C75C8C892A45DFFB00B46DEF /* Products */,
			);
			sourceTree = "<group>";
		};
		C75C8C892A45DFFB00B46DEF /* Products */ = {
			isa = PBXGroup;
			children = (
				C75C8C882A45DFFB00B46DEF /* GitHub Followers.app */,
			);
			name = Products;
			sourceTree = "<group>";
		};
		C75C8C8A2A45DFFB00B46DEF /* GitHub Followers */ = {
			isa = PBXGroup;
			children = (
				C75C8CC92A45FE4B00B46DEF /* Utility */,
				C75C8CA02A45E08100B46DEF /* AppDelegate */,
				C75C8CA12A45E08E00B46DEF /* Modules */,
				C75C8CA52A45E0C500B46DEF /* ViewModels */,
				C75C8CA42A45E0B900B46DEF /* Models */,
				C75C8CA32A45E0A900B46DEF /* Views */,
				C75C8CA22A45E09800B46DEF /* Extensions */,
				C75C8C9F2A45E07600B46DEF /* Resources */,
			);
			path = "GitHub Followers";
			sourceTree = "<group>";
		};
		C75C8C9F2A45E07600B46DEF /* Resources */ = {
			isa = PBXGroup;
			children = (
				C75C8C942A45DFFD00B46DEF /* Assets.xcassets */,
				C75C8C962A45DFFD00B46DEF /* LaunchScreen.storyboard */,
				C75C8C992A45DFFD00B46DEF /* Info.plist */,
			);
			path = Resources;
			sourceTree = "<group>";
		};
		C75C8CA02A45E08100B46DEF /* AppDelegate */ = {
			isa = PBXGroup;
			children = (
				C75C8C8B2A45DFFB00B46DEF /* AppDelegate.swift */,
			);
			path = AppDelegate;
			sourceTree = "<group>";
		};
		C75C8CA12A45E08E00B46DEF /* Modules */ = {
			isa = PBXGroup;
			children = (
				C75C8CB82A45E64800B46DEF /* Common */,
				C75C8CA72A45E19700B46DEF /* Tutorials */,
				C75C8CAA2A45E1DC00B46DEF /* Details */,
				C75C8CA92A45E1C200B46DEF /* Favorites */,
				C75C8CA82A45E1B800B46DEF /* Followers */,
				C75C8CA62A45E17900B46DEF /* Search */,
			);
			path = Modules;
			sourceTree = "<group>";
		};
		C75C8CA22A45E09800B46DEF /* Extensions */ = {
			isa = PBXGroup;
			children = (
				C75C8CBD2A45FA5F00B46DEF /* UITableView+Extension.swift */,
				C75C8CC32A45FC3700B46DEF /* UIView+Extension.swift */,
				C75C8CC52A45FCC600B46DEF /* UIColor+Extension.swift */,
				C75C8CC72A45FE1200B46DEF /* CAGradientLayer+Extension.swift */,
				C75C8CCC2A45FFBF00B46DEF /* String+Extension.swift */,
				C73D8CCB2A46060300A1997A /* UIStackView+Extension.swift */,
			);
			path = Extensions;
			sourceTree = "<group>";
		};
		C75C8CA32A45E0A900B46DEF /* Views */ = {
			isa = PBXGroup;
			children = (
				C75C8CBF2A45FAC200B46DEF /* BaseTableCell.swift */,
			);
			path = Views;
			sourceTree = "<group>";
		};
		C75C8CA42A45E0B900B46DEF /* Models */ = {
			isa = PBXGroup;
			children = (
			);
			path = Models;
			sourceTree = "<group>";
		};
		C75C8CA52A45E0C500B46DEF /* ViewModels */ = {
			isa = PBXGroup;
			children = (
			);
			path = ViewModels;
			sourceTree = "<group>";
		};
		C75C8CA62A45E17900B46DEF /* Search */ = {
			isa = PBXGroup;
			children = (
				C75C8CAB2A45E1F600B46DEF /* SearchViewController.swift */,
			);
			path = Search;
			sourceTree = "<group>";
		};
		C75C8CA72A45E19700B46DEF /* Tutorials */ = {
			isa = PBXGroup;
			children = (
				C75C8CAD2A45E20500B46DEF /* AppTutorialViewController.swift */,
				C75C8CBB2A45E6BE00B46DEF /* AppTutorial.swift */,
				C75C8CC12A45FB0E00B46DEF /* AppTutorialTableCell.swift */,
			);
			path = Tutorials;
			sourceTree = "<group>";
		};
		C75C8CA82A45E1B800B46DEF /* Followers */ = {
			isa = PBXGroup;
			children = (
				C75C8CAF2A45E21600B46DEF /* FollowerListViewController.swift */,
			);
			path = Followers;
			sourceTree = "<group>";
		};
		C75C8CA92A45E1C200B46DEF /* Favorites */ = {
			isa = PBXGroup;
			children = (
				C75C8CB12A45E22900B46DEF /* FavoriteListViewController.swift */,
			);
			path = Favorites;
			sourceTree = "<group>";
		};
		C75C8CAA2A45E1DC00B46DEF /* Details */ = {
			isa = PBXGroup;
			children = (
				C75C8CB32A45E23900B46DEF /* UserDetailViewController.swift */,
			);
			path = Details;
			sourceTree = "<group>";
		};
		C75C8CB82A45E64800B46DEF /* Common */ = {
			isa = PBXGroup;
			children = (
				C75C8CB92A45E65700B46DEF /* BaseViewController.swift */,
			);
			path = Common;
			sourceTree = "<group>";
		};
		C75C8CC92A45FE4B00B46DEF /* Utility */ = {
			isa = PBXGroup;
			children = (
				C75C8CCA2A45FE5800B46DEF /* AppConstant.swift */,
			);
			path = Utility;
			sourceTree = "<group>";
		};
/* End PBXGroup section */

/* Begin PBXNativeTarget section */
		C75C8C872A45DFFB00B46DEF /* GitHub Followers */ = {
			isa = PBXNativeTarget;
			buildConfigurationList = C75C8C9C2A45DFFD00B46DEF /* Build configuration list for PBXNativeTarget "GitHub Followers" */;
			buildPhases = (
				C75C8C842A45DFFB00B46DEF /* Sources */,
				C75C8C852A45DFFB00B46DEF /* Frameworks */,
				C75C8C862A45DFFB00B46DEF /* Resources */,
			);
			buildRules = (
			);
			dependencies = (
			);
			name = "GitHub Followers";
			packageProductDependencies = (
				C75C8CB62A45E2C300B46DEF /* SnapKit */,
			);
			productName = "GitHub Followers";
			productReference = C75C8C882A45DFFB00B46DEF /* GitHub Followers.app */;
			productType = "com.apple.product-type.application";
		};
/* End PBXNativeTarget section */

/* Begin PBXProject section */
		C75C8C802A45DFFB00B46DEF /* Project object */ = {
			isa = PBXProject;
			attributes = {
				BuildIndependentTargetsInParallel = 1;
				LastSwiftUpdateCheck = 1430;
				LastUpgradeCheck = 1430;
				TargetAttributes = {
					C75C8C872A45DFFB00B46DEF = {
						CreatedOnToolsVersion = 14.3;
					};
				};
			};
			buildConfigurationList = C75C8C832A45DFFB00B46DEF /* Build configuration list for PBXProject "GitHub Followers" */;
			compatibilityVersion = "Xcode 14.0";
			developmentRegion = en;
			hasScannedForEncodings = 0;
			knownRegions = (
				en,
				Base,
			);
			mainGroup = C75C8C7F2A45DFFB00B46DEF;
			packageReferences = (
				C75C8CB52A45E2C300B46DEF /* XCRemoteSwiftPackageReference "SnapKit" */,
			);
			productRefGroup = C75C8C892A45DFFB00B46DEF /* Products */;
			projectDirPath = "";
			projectRoot = "";
			targets = (
				C75C8C872A45DFFB00B46DEF /* GitHub Followers */,
			);
		};
/* End PBXProject section */

/* Begin PBXResourcesBuildPhase section */
		C75C8C862A45DFFB00B46DEF /* Resources */ = {
			isa = PBXResourcesBuildPhase;
			buildActionMask = 2147483647;
			files = (
				C75C8C982A45DFFD00B46DEF /* LaunchScreen.storyboard in Resources */,
				C75C8C952A45DFFD00B46DEF /* Assets.xcassets in Resources */,
			);
			runOnlyForDeploymentPostprocessing = 0;
		};
/* End PBXResourcesBuildPhase section */

/* Begin PBXSourcesBuildPhase section */
		C75C8C842A45DFFB00B46DEF /* Sources */ = {
			isa = PBXSourcesBuildPhase;
			buildActionMask = 2147483647;
			files = (
				C75C8CCD2A45FFBF00B46DEF /* String+Extension.swift in Sources */,
				C75C8CB02A45E21600B46DEF /* FollowerListViewController.swift in Sources */,
				C75C8CAC2A45E1F600B46DEF /* SearchViewController.swift in Sources */,
				C75C8CBE2A45FA5F00B46DEF /* UITableView+Extension.swift in Sources */,
				C75C8CBC2A45E6BE00B46DEF /* AppTutorial.swift in Sources */,
				C75C8CB42A45E23900B46DEF /* UserDetailViewController.swift in Sources */,
				C75C8C8C2A45DFFB00B46DEF /* AppDelegate.swift in Sources */,
				C73D8CCC2A46060300A1997A /* UIStackView+Extension.swift in Sources */,
				C75C8CCB2A45FE5800B46DEF /* AppConstant.swift in Sources */,
				C75C8CC42A45FC3700B46DEF /* UIView+Extension.swift in Sources */,
				C75C8CB22A45E22900B46DEF /* FavoriteListViewController.swift in Sources */,
				C75C8CC02A45FAC200B46DEF /* BaseTableCell.swift in Sources */,
				C75C8CC82A45FE1200B46DEF /* CAGradientLayer+Extension.swift in Sources */,
				C75C8CC22A45FB0E00B46DEF /* AppTutorialTableCell.swift in Sources */,
				C75C8CC62A45FCC600B46DEF /* UIColor+Extension.swift in Sources */,
				C75C8CBA2A45E65700B46DEF /* BaseViewController.swift in Sources */,
				C75C8CAE2A45E20500B46DEF /* AppTutorialViewController.swift in Sources */,
			);
			runOnlyForDeploymentPostprocessing = 0;
		};
/* End PBXSourcesBuildPhase section */

/* Begin PBXVariantGroup section */
		C75C8C962A45DFFD00B46DEF /* LaunchScreen.storyboard */ = {
			isa = PBXVariantGroup;
			children = (
				C75C8C972A45DFFD00B46DEF /* Base */,
			);
			name = LaunchScreen.storyboard;
			sourceTree = "<group>";
		};
/* End PBXVariantGroup section */

/* Begin XCBuildConfiguration section */
		C75C8C9A2A45DFFD00B46DEF /* Debug */ = {
			isa = XCBuildConfiguration;
			buildSettings = {
				ALWAYS_SEARCH_USER_PATHS = NO;
				CLANG_ANALYZER_NONNULL = YES;
				CLANG_ANALYZER_NUMBER_OBJECT_CONVERSION = YES_AGGRESSIVE;
				CLANG_CXX_LANGUAGE_STANDARD = "gnu++20";
				CLANG_ENABLE_MODULES = YES;
				CLANG_ENABLE_OBJC_ARC = YES;
				CLANG_ENABLE_OBJC_WEAK = YES;
				CLANG_WARN_BLOCK_CAPTURE_AUTORELEASING = YES;
				CLANG_WARN_BOOL_CONVERSION = YES;
				CLANG_WARN_COMMA = YES;
				CLANG_WARN_CONSTANT_CONVERSION = YES;
				CLANG_WARN_DEPRECATED_OBJC_IMPLEMENTATIONS = YES;
				CLANG_WARN_DIRECT_OBJC_ISA_USAGE = YES_ERROR;
				CLANG_WARN_DOCUMENTATION_COMMENTS = YES;
				CLANG_WARN_EMPTY_BODY = YES;
				CLANG_WARN_ENUM_CONVERSION = YES;
				CLANG_WARN_INFINITE_RECURSION = YES;
				CLANG_WARN_INT_CONVERSION = YES;
				CLANG_WARN_NON_LITERAL_NULL_CONVERSION = YES;
				CLANG_WARN_OBJC_IMPLICIT_RETAIN_SELF = YES;
				CLANG_WARN_OBJC_LITERAL_CONVERSION = YES;
				CLANG_WARN_OBJC_ROOT_CLASS = YES_ERROR;
				CLANG_WARN_QUOTED_INCLUDE_IN_FRAMEWORK_HEADER = YES;
				CLANG_WARN_RANGE_LOOP_ANALYSIS = YES;
				CLANG_WARN_STRICT_PROTOTYPES = YES;
				CLANG_WARN_SUSPICIOUS_MOVE = YES;
				CLANG_WARN_UNGUARDED_AVAILABILITY = YES_AGGRESSIVE;
				CLANG_WARN_UNREACHABLE_CODE = YES;
				CLANG_WARN__DUPLICATE_METHOD_MATCH = YES;
				COPY_PHASE_STRIP = NO;
				DEBUG_INFORMATION_FORMAT = dwarf;
				ENABLE_STRICT_OBJC_MSGSEND = YES;
				ENABLE_TESTABILITY = YES;
				GCC_C_LANGUAGE_STANDARD = gnu11;
				GCC_DYNAMIC_NO_PIC = NO;
				GCC_NO_COMMON_BLOCKS = YES;
				GCC_OPTIMIZATION_LEVEL = 0;
				GCC_PREPROCESSOR_DEFINITIONS = (
					"DEBUG=1",
					"$(inherited)",
				);
				GCC_WARN_64_TO_32_BIT_CONVERSION = YES;
				GCC_WARN_ABOUT_RETURN_TYPE = YES_ERROR;
				GCC_WARN_UNDECLARED_SELECTOR = YES;
				GCC_WARN_UNINITIALIZED_AUTOS = YES_AGGRESSIVE;
				GCC_WARN_UNUSED_FUNCTION = YES;
				GCC_WARN_UNUSED_VARIABLE = YES;
				IPHONEOS_DEPLOYMENT_TARGET = 16.4;
				MTL_ENABLE_DEBUG_INFO = INCLUDE_SOURCE;
				MTL_FAST_MATH = YES;
				ONLY_ACTIVE_ARCH = YES;
				SDKROOT = iphoneos;
				SWIFT_ACTIVE_COMPILATION_CONDITIONS = DEBUG;
				SWIFT_OPTIMIZATION_LEVEL = "-Onone";
			};
			name = Debug;
		};
		C75C8C9B2A45DFFD00B46DEF /* Release */ = {
			isa = XCBuildConfiguration;
			buildSettings = {
				ALWAYS_SEARCH_USER_PATHS = NO;
				CLANG_ANALYZER_NONNULL = YES;
				CLANG_ANALYZER_NUMBER_OBJECT_CONVERSION = YES_AGGRESSIVE;
				CLANG_CXX_LANGUAGE_STANDARD = "gnu++20";
				CLANG_ENABLE_MODULES = YES;
				CLANG_ENABLE_OBJC_ARC = YES;
				CLANG_ENABLE_OBJC_WEAK = YES;
				CLANG_WARN_BLOCK_CAPTURE_AUTORELEASING = YES;
				CLANG_WARN_BOOL_CONVERSION = YES;
				CLANG_WARN_COMMA = YES;
				CLANG_WARN_CONSTANT_CONVERSION = YES;
				CLANG_WARN_DEPRECATED_OBJC_IMPLEMENTATIONS = YES;
				CLANG_WARN_DIRECT_OBJC_ISA_USAGE = YES_ERROR;
				CLANG_WARN_DOCUMENTATION_COMMENTS = YES;
				CLANG_WARN_EMPTY_BODY = YES;
				CLANG_WARN_ENUM_CONVERSION = YES;
				CLANG_WARN_INFINITE_RECURSION = YES;
				CLANG_WARN_INT_CONVERSION = YES;
				CLANG_WARN_NON_LITERAL_NULL_CONVERSION = YES;
				CLANG_WARN_OBJC_IMPLICIT_RETAIN_SELF = YES;
				CLANG_WARN_OBJC_LITERAL_CONVERSION = YES;
				CLANG_WARN_OBJC_ROOT_CLASS = YES_ERROR;
				CLANG_WARN_QUOTED_INCLUDE_IN_FRAMEWORK_HEADER = YES;
				CLANG_WARN_RANGE_LOOP_ANALYSIS = YES;
				CLANG_WARN_STRICT_PROTOTYPES = YES;
				CLANG_WARN_SUSPICIOUS_MOVE = YES;
				CLANG_WARN_UNGUARDED_AVAILABILITY = YES_AGGRESSIVE;
				CLANG_WARN_UNREACHABLE_CODE = YES;
				CLANG_WARN__DUPLICATE_METHOD_MATCH = YES;
				COPY_PHASE_STRIP = NO;
				DEBUG_INFORMATION_FORMAT = "dwarf-with-dsym";
				ENABLE_NS_ASSERTIONS = NO;
				ENABLE_STRICT_OBJC_MSGSEND = YES;
				GCC_C_LANGUAGE_STANDARD = gnu11;
				GCC_NO_COMMON_BLOCKS = YES;
				GCC_WARN_64_TO_32_BIT_CONVERSION = YES;
				GCC_WARN_ABOUT_RETURN_TYPE = YES_ERROR;
				GCC_WARN_UNDECLARED_SELECTOR = YES;
				GCC_WARN_UNINITIALIZED_AUTOS = YES_AGGRESSIVE;
				GCC_WARN_UNUSED_FUNCTION = YES;
				GCC_WARN_UNUSED_VARIABLE = YES;
				IPHONEOS_DEPLOYMENT_TARGET = 16.4;
				MTL_ENABLE_DEBUG_INFO = NO;
				MTL_FAST_MATH = YES;
				SDKROOT = iphoneos;
				SWIFT_COMPILATION_MODE = wholemodule;
				SWIFT_OPTIMIZATION_LEVEL = "-O";
				VALIDATE_PRODUCT = YES;
			};
			name = Release;
		};
		C75C8C9D2A45DFFD00B46DEF /* Debug */ = {
			isa = XCBuildConfiguration;
			buildSettings = {
				ASSETCATALOG_COMPILER_APPICON_NAME = AppIcon;
				ASSETCATALOG_COMPILER_GLOBAL_ACCENT_COLOR_NAME = AccentColor;
				CODE_SIGN_STYLE = Automatic;
				CURRENT_PROJECT_VERSION = 1;
				GENERATE_INFOPLIST_FILE = YES;
				INFOPLIST_FILE = "GitHub Followers/Resources/Info.plist";
				INFOPLIST_KEY_UIApplicationSupportsIndirectInputEvents = YES;
				INFOPLIST_KEY_UILaunchStoryboardName = LaunchScreen;
				INFOPLIST_KEY_UISupportedInterfaceOrientations = UIInterfaceOrientationPortrait;
				IPHONEOS_DEPLOYMENT_TARGET = 16.0;
				LD_RUNPATH_SEARCH_PATHS = (
					"$(inherited)",
					"@executable_path/Frameworks",
				);
				MARKETING_VERSION = 1.0;
				PRODUCT_BUNDLE_IDENTIFIER = "com.app.GitHub-Followers";
				PRODUCT_NAME = "$(TARGET_NAME)";
				SWIFT_EMIT_LOC_STRINGS = YES;
				SWIFT_VERSION = 5.0;
				TARGETED_DEVICE_FAMILY = "1,2";
			};
			name = Debug;
		};
		C75C8C9E2A45DFFD00B46DEF /* Release */ = {
			isa = XCBuildConfiguration;
			buildSettings = {
				ASSETCATALOG_COMPILER_APPICON_NAME = AppIcon;
				ASSETCATALOG_COMPILER_GLOBAL_ACCENT_COLOR_NAME = AccentColor;
				CODE_SIGN_STYLE = Automatic;
				CURRENT_PROJECT_VERSION = 1;
				GENERATE_INFOPLIST_FILE = YES;
				INFOPLIST_FILE = "GitHub Followers/Resources/Info.plist";
				INFOPLIST_KEY_UIApplicationSupportsIndirectInputEvents = YES;
				INFOPLIST_KEY_UILaunchStoryboardName = LaunchScreen;
				INFOPLIST_KEY_UISupportedInterfaceOrientations = UIInterfaceOrientationPortrait;
				IPHONEOS_DEPLOYMENT_TARGET = 16.0;
				LD_RUNPATH_SEARCH_PATHS = (
					"$(inherited)",
					"@executable_path/Frameworks",
				);
				MARKETING_VERSION = 1.0;
				PRODUCT_BUNDLE_IDENTIFIER = "com.app.GitHub-Followers";
				PRODUCT_NAME = "$(TARGET_NAME)";
				SWIFT_EMIT_LOC_STRINGS = YES;
				SWIFT_VERSION = 5.0;
				TARGETED_DEVICE_FAMILY = "1,2";
			};
			name = Release;
		};
/* End XCBuildConfiguration section */

/* Begin XCConfigurationList section */
		C75C8C832A45DFFB00B46DEF /* Build configuration list for PBXProject "GitHub Followers" */ = {
			isa = XCConfigurationList;
			buildConfigurations = (
				C75C8C9A2A45DFFD00B46DEF /* Debug */,
				C75C8C9B2A45DFFD00B46DEF /* Release */,
			);
			defaultConfigurationIsVisible = 0;
			defaultConfigurationName = Release;
		};
		C75C8C9C2A45DFFD00B46DEF /* Build configuration list for PBXNativeTarget "GitHub Followers" */ = {
			isa = XCConfigurationList;
			buildConfigurations = (
				C75C8C9D2A45DFFD00B46DEF /* Debug */,
				C75C8C9E2A45DFFD00B46DEF /* Release */,
			);
			defaultConfigurationIsVisible = 0;
			defaultConfigurationName = Release;
		};
/* End XCConfigurationList section */

/* Begin XCRemoteSwiftPackageReference section */
		C75C8CB52A45E2C300B46DEF /* XCRemoteSwiftPackageReference "SnapKit" */ = {
			isa = XCRemoteSwiftPackageReference;
			repositoryURL = "https://github.com/SnapKit/SnapKit.git";
			requirement = {
				branch = develop;
				kind = branch;
			};
		};
/* End XCRemoteSwiftPackageReference section */

/* Begin XCSwiftPackageProductDependency section */
		C75C8CB62A45E2C300B46DEF /* SnapKit */ = {
			isa = XCSwiftPackageProductDependency;
			package = C75C8CB52A45E2C300B46DEF /* XCRemoteSwiftPackageReference "SnapKit" */;
			productName = SnapKit;
		};
/* End XCSwiftPackageProductDependency section */
	};
	rootObject = C75C8C802A45DFFB00B46DEF /* Project object */;
}
